
Microsoft Visual Studio Solution File, Format Version 12.00
# Visual Studio Version 17
VisualStudioVersion = 17.8.34330.188
MinimumVisualStudioVersion = 10.0.40219.1
Project("{FAE04EC0-301F-11D3-BF4B-00C04F79EFBC}") = "TMK_RBC", "TMK_RBC.csproj", "{99019E82-7D34-46A8-ADFF-AFF9FC69433A}"
EndProject
Global
	GlobalSection(SolutionConfigurationPlatforms) = preSolution
		Debug|Any CPU = Debug|Any CPU
		Release|Any CPU = Release|Any CPU
	EndGlobalSection
	GlobalSection(ProjectConfigurationPlatforms) = postSolution
		{99019E82-7D34-46A8-ADFF-AFF9FC69433A}.Debug|Any CPU.ActiveCfg = Debug|Any CPU
		{99019E82-7D34-46A8-ADFF-AFF9FC69433A}.Debug|Any CPU.Build.0 = Debug|Any CPU
		{99019E82-7D34-46A8-ADFF-AFF9FC69433A}.Release|Any CPU.ActiveCfg = Release|Any CPU
		{99019E82-7D34-46A8-ADFF-AFF9FC69433A}.Release|Any CPU.Build.0 = Release|Any CPU
	EndGlobalSection
	GlobalSection(SolutionProperties) = preSolution
		HideSolutionNode = FALSE
	EndGlobalSection
	GlobalSection(ExtensibilityGlobals) = postSolution
		SolutionGuid = {4219D7CA-C0C2-4617-B5D3-D2D0F35DDAED}
	EndGlobalSection
EndGlobal
